// !$*UTF8*$!
{
	archiveVersion = 1;
	classes = {
	};
	objectVersion = 77;
	objects = {

/* Begin PBXContainerItemProxy section */
		BDC3EA922E269A0900ECA7C8 /* PBXContainerItemProxy */ = {
			isa = PBXContainerItemProxy;
			containerPortal = BDC3EA7C2E269A0700ECA7C8 /* Project object */;
			proxyType = 1;
			remoteGlobalIDString = BDC3EA832E269A0700ECA7C8;
			remoteInfo = githubcollab;
		};
		BDC3EA9C2E269A0900ECA7C8 /* PBXContainerItemProxy */ = {
			isa = PBXContainerItemProxy;
			containerPortal = BDC3EA7C2E269A0700ECA7C8 /* Project object */;
			proxyType = 1;
			remoteGlobalIDString = BDC3EA832E269A0700ECA7C8;
			remoteInfo = githubcollab;
		};
/* End PBXContainerItemProxy section */

/* Begin PBXFileReference section */
		BDC3EA842E269A0700ECA7C8 /* githubcollab.app */ = {isa = PBXFileReference; explicitFileType = wrapper.application; includeInIndex = 0; path = githubcollab.app; sourceTree = BUILT_PRODUCTS_DIR; };
		BDC3EA912E269A0900ECA7C8 /* githubcollabTests.xctest */ = {isa = PBXFileReference; explicitFileType = wrapper.cfbundle; includeInIndex = 0; path = githubcollabTests.xctest; sourceTree = BUILT_PRODUCTS_DIR; };
		BDC3EA9B2E269A0900ECA7C8 /* githubcollabUITests.xctest */ = {isa = PBXFileReference; explicitFileType = wrapper.cfbundle; includeInIndex = 0; path = githubcollabUITests.xctest; sourceTree = BUILT_PRODUCTS_DIR; };
/* End PBXFileReference section */

/* Begin PBXFileSystemSynchronizedRootGroup section */
		BDC3EA862E269A0700ECA7C8 /* githubcollab */ = {
			isa = PBXFileSystemSynchronizedRootGroup;
			path = githubcollab;
			sourceTree = "<group>";
		};
		BDC3EA942E269A0900ECA7C8 /* githubcollabTests */ = {
			isa = PBXFileSystemSynchronizedRootGroup;
			path = githubcollabTests;
			sourceTree = "<group>";
		};
		BDC3EA9E2E269A0900ECA7C8 /* githubcollabUITests */ = {
			isa = PBXFileSystemSynchronizedRootGroup;
			path = githubcollabUITests;
			sourceTree = "<group>";
		};
/* End PBXFileSystemSynchronizedRootGroup section */

/* Begin PBXFrameworksBuildPhase section */
		BDC3EA812E269A0700ECA7C8 /* Frameworks */ = {
			isa = PBXFrameworksBuildPhase;
			buildActionMask = 2147483647;
			files = (
			);
			runOnlyForDeploymentPostprocessing = 0;
		};
		BDC3EA8E2E269A0900ECA7C8 /* Frameworks */ = {
			isa = PBXFrameworksBuildPhase;
			buildActionMask = 2147483647;
			files = (
			);
			runOnlyForDeploymentPostprocessing = 0;
		};
		BDC3EA982E269A0900ECA7C8 /* Frameworks */ = {
			isa = PBXFrameworksBuildPhase;
			buildActionMask = 2147483647;
			files = (
			);
			runOnlyForDeploymentPostprocessing = 0;
		};
/* End PBXFrameworksBuildPhase section */

/* Begin PBXGroup section */
		BDC3EA7B2E269A0700ECA7C8 = {
			isa = PBXGroup;
			children = (
				BDC3EA862E269A0700ECA7C8 /* githubcollab */,
				BDC3EA942E269A0900ECA7C8 /* githubcollabTests */,
				BDC3EA9E2E269A0900ECA7C8 /* githubcollabUITests */,
				BDC3EA852E269A0700ECA7C8 /* Products */,
			);
			sourceTree = "<group>";
		};
		BDC3EA852E269A0700ECA7C8 /* Products */ = {
			isa = PBXGroup;
			children = (
				BDC3EA842E269A0700ECA7C8 /* githubcollab.app */,
				BDC3EA912E269A0900ECA7C8 /* githubcollabTests.xctest */,
				BDC3EA9B2E269A0900ECA7C8 /* githubcollabUITests.xctest */,
			);
			name = Products;
			sourceTree = "<group>";
		};
/* End PBXGroup section */

/* Begin PBXNativeTarget section */
		BDC3EA832E269A0700ECA7C8 /* githubcollab */ = {
			isa = PBXNativeTarget;
			buildConfigurationList = BDC3EAA52E269A0900ECA7C8 /* Build configuration list for PBXNativeTarget "githubcollab" */;
			buildPhases = (
				BDC3EA802E269A0700ECA7C8 /* Sources */,
				BDC3EA812E269A0700ECA7C8 /* Frameworks */,
				BDC3EA822E269A0700ECA7C8 /* Resources */,
			);
			buildRules = (
			);
			dependencies = (
			);
			fileSystemSynchronizedGroups = (
				BDC3EA862E269A0700ECA7C8 /* githubcollab */,
			);
			name = githubcollab;
			packageProductDependencies = (
			);
			productName = githubcollab;
			productReference = BDC3EA842E269A0700ECA7C8 /* githubcollab.app */;
			productType = "com.apple.product-type.application";
		};
		BDC3EA902E269A0900ECA7C8 /* githubcollabTests */ = {
			isa = PBXNativeTarget;
			buildConfigurationList = BDC3EAA82E269A0900ECA7C8 /* Build configuration list for PBXNativeTarget "githubcollabTests" */;
			buildPhases = (
				BDC3EA8D2E269A0900ECA7C8 /* Sources */,
				BDC3EA8E2E269A0900ECA7C8 /* Frameworks */,
				BDC3EA8F2E269A0900ECA7C8 /* Resources */,
			);
			buildRules = (
			);
			dependencies = (
				BDC3EA932E269A0900ECA7C8 /* PBXTargetDependency */,
			);
			fileSystemSynchronizedGroups = (
				BDC3EA942E269A0900ECA7C8 /* githubcollabTests */,
			);
			name = githubcollabTests;
			packageProductDependencies = (
			);
			productName = githubcollabTests;
			productReference = BDC3EA912E269A0900ECA7C8 /* githubcollabTests.xctest */;
			productType = "com.apple.product-type.bundle.unit-test";
		};
		BDC3EA9A2E269A0900ECA7C8 /* githubcollabUITests */ = {
			isa = PBXNativeTarget;
			buildConfigurationList = BDC3EAAB2E269A0900ECA7C8 /* Build configuration list for PBXNativeTarget "githubcollabUITests" */;
			buildPhases = (
				BDC3EA972E269A0900ECA7C8 /* Sources */,
				BDC3EA982E269A0900ECA7C8 /* Frameworks */,
				BDC3EA992E269A0900ECA7C8 /* Resources */,
			);
			buildRules = (
			);
			dependencies = (
				BDC3EA9D2E269A0900ECA7C8 /* PBXTargetDependency */,
			);
			fileSystemSynchronizedGroups = (
				BDC3EA9E2E269A0900ECA7C8 /* githubcollabUITests */,
			);
			name = githubcollabUITests;
			packageProductDependencies = (
			);
			productName = githubcollabUITests;
			productReference = BDC3EA9B2E269A0900ECA7C8 /* githubcollabUITests.xctest */;
			productType = "com.apple.product-type.bundle.ui-testing";
		};
/* End PBXNativeTarget section */

/* Begin PBXProject section */
		BDC3EA7C2E269A0700ECA7C8 /* Project object */ = {
			isa = PBXProject;
			attributes = {
				BuildIndependentTargetsInParallel = 1;
				LastSwiftUpdateCheck = 1640;
				LastUpgradeCheck = 1640;
				TargetAttributes = {
					BDC3EA832E269A0700ECA7C8 = {
						CreatedOnToolsVersion = 16.4;
					};
					BDC3EA902E269A0900ECA7C8 = {
						CreatedOnToolsVersion = 16.4;
						TestTargetID = BDC3EA832E269A0700ECA7C8;
					};
					BDC3EA9A2E269A0900ECA7C8 = {
						CreatedOnToolsVersion = 16.4;
						TestTargetID = BDC3EA832E269A0700ECA7C8;
					};
				};
			};
			buildConfigurationList = BDC3EA7F2E269A0700ECA7C8 /* Build configuration list for PBXProject "githubcollab" */;
			developmentRegion = en;
			hasScannedForEncodings = 0;
			knownRegions = (
				en,
				Base,
			);
			mainGroup = BDC3EA7B2E269A0700ECA7C8;
			minimizedProjectReferenceProxies = 1;
			preferredProjectObjectVersion = 77;
			productRefGroup = BDC3EA852E269A0700ECA7C8 /* Products */;
			projectDirPath = "";
			projectRoot = "";
			targets = (
				BDC3EA832E269A0700ECA7C8 /* githubcollab */,
				BDC3EA902E269A0900ECA7C8 /* githubcollabTests */,
				BDC3EA9A2E269A0900ECA7C8 /* githubcollabUITests */,
			);
		};
/* End PBXProject section */

/* Begin PBXResourcesBuildPhase section */
		BDC3EA822E269A0700ECA7C8 /* Resources */ = {
			isa = PBXResourcesBuildPhase;
			buildActionMask = 2147483647;
			files = (
			);
			runOnlyForDeploymentPostprocessing = 0;
		};
		BDC3EA8F2E269A0900ECA7C8 /* Resources */ = {
			isa = PBXResourcesBuildPhase;
			buildActionMask = 2147483647;
			files = (
			);
			runOnlyForDeploymentPostprocessing = 0;
		};
		BDC3EA992E269A0900ECA7C8 /* Resources */ = {
			isa = PBXResourcesBuildPhase;
			buildActionMask = 2147483647;
			files = (
			);
			runOnlyForDeploymentPostprocessing = 0;
		};
/* End PBXResourcesBuildPhase section */

/* Begin PBXSourcesBuildPhase section */
		BDC3EA802E269A0700ECA7C8 /* Sources */ = {
			isa = PBXSourcesBuildPhase;
			buildActionMask = 2147483647;
			files = (
			);
			runOnlyForDeploymentPostprocessing = 0;
		};
		BDC3EA8D2E269A0900ECA7C8 /* Sources */ = {
			isa = PBXSourcesBuildPhase;
			buildActionMask = 2147483647;
			files = (
			);
			runOnlyForDeploymentPostprocessing = 0;
		};
		BDC3EA972E269A0900ECA7C8 /* Sources */ = {
			isa = PBXSourcesBuildPhase;
			buildActionMask = 2147483647;
			files = (
			);
			runOnlyForDeploymentPostprocessing = 0;
		};
/* End PBXSourcesBuildPhase section */

/* Begin PBXTargetDependency section */
		BDC3EA932E269A0900ECA7C8 /* PBXTargetDependency */ = {
			isa = PBXTargetDependency;
			target = BDC3EA832E269A0700ECA7C8 /* githubcollab */;
			targetProxy = BDC3EA922E269A0900ECA7C8 /* PBXContainerItemProxy */;
		};
		BDC3EA9D2E269A0900ECA7C8 /* PBXTargetDependency */ = {
			isa = PBXTargetDependency;
			target = BDC3EA832E269A0700ECA7C8 /* githubcollab */;
			targetProxy = BDC3EA9C2E269A0900ECA7C8 /* PBXContainerItemProxy */;
		};
/* End PBXTargetDependency section */

/* Begin XCBuildConfiguration section */
		BDC3EAA32E269A0900ECA7C8 /* Debug */ = {
			isa = XCBuildConfiguration;
			buildSettings = {
				ALWAYS_SEARCH_USER_PATHS = NO;
				ASSETCATALOG_COMPILER_GENERATE_SWIFT_ASSET_SYMBOL_EXTENSIONS = YES;
				CLANG_ANALYZER_NONNULL = YES;
				CLANG_ANALYZER_NUMBER_OBJECT_CONVERSION = YES_AGGRESSIVE;
				CLANG_CXX_LANGUAGE_STANDARD = "gnu++20";
				CLANG_ENABLE_MODULES = YES;
				CLANG_ENABLE_OBJC_ARC = YES;
				CLANG_ENABLE_OBJC_WEAK = YES;
				CLANG_WARN_BLOCK_CAPTURE_AUTORELEASING = YES;
				CLANG_WARN_BOOL_CONVERSION = YES;
				CLANG_WARN_COMMA = YES;
				CLANG_WARN_CONSTANT_CONVERSION = YES;
				CLANG_WARN_DEPRECATED_OBJC_IMPLEMENTATIONS = YES;
				CLANG_WARN_DIRECT_OBJC_ISA_USAGE = YES_ERROR;
				CLANG_WARN_DOCUMENTATION_COMMENTS = YES;
				CLANG_WARN_EMPTY_BODY = YES;
				CLANG_WARN_ENUM_CONVERSION = YES;
				CLANG_WARN_INFINITE_RECURSION = YES;
				CLANG_WARN_INT_CONVERSION = YES;
				CLANG_WARN_NON_LITERAL_NULL_CONVERSION = YES;
				CLANG_WARN_OBJC_IMPLICIT_RETAIN_SELF = YES;
				CLANG_WARN_OBJC_LITERAL_CONVERSION = YES;
				CLANG_WARN_OBJC_ROOT_CLASS = YES_ERROR;
				CLANG_WARN_QUOTED_INCLUDE_IN_FRAMEWORK_HEADER = YES;
				CLANG_WARN_RANGE_LOOP_ANALYSIS = YES;
				CLANG_WARN_STRICT_PROTOTYPES = YES;
				CLANG_WARN_SUSPICIOUS_MOVE = YES;
				CLANG_WARN_UNGUARDED_AVAILABILITY = YES_AGGRESSIVE;
				CLANG_WARN_UNREACHABLE_CODE = YES;
				CLANG_WARN__DUPLICATE_METHOD_MATCH = YES;
				COPY_PHASE_STRIP = NO;
				DEBUG_INFORMATION_FORMAT = dwarf;
				ENABLE_STRICT_OBJC_MSGSEND = YES;
				ENABLE_TESTABILITY = YES;
				ENABLE_USER_SCRIPT_SANDBOXING = YES;
				GCC_C_LANGUAGE_STANDARD = gnu17;
				GCC_DYNAMIC_NO_PIC = NO;
				GCC_NO_COMMON_BLOCKS = YES;
				GCC_OPTIMIZATION_LEVEL = 0;
				GCC_PREPROCESSOR_DEFINITIONS = (
					"DEBUG=1",
					"$(inherited)",
				);
				GCC_WARN_64_TO_32_BIT_CONVERSION = YES;
				GCC_WARN_ABOUT_RETURN_TYPE = YES_ERROR;
				GCC_WARN_UNDECLARED_SELECTOR = YES;
				GCC_WARN_UNINITIALIZED_AUTOS = YES_AGGRESSIVE;
				GCC_WARN_UNUSED_FUNCTION = YES;
				GCC_WARN_UNUSED_VARIABLE = YES;
				IPHONEOS_DEPLOYMENT_TARGET = 18.5;
				LOCALIZATION_PREFERS_STRING_CATALOGS = YES;
				MTL_ENABLE_DEBUG_INFO = INCLUDE_SOURCE;
				MTL_FAST_MATH = YES;
				ONLY_ACTIVE_ARCH = YES;
				SDKROOT = iphoneos;
				SWIFT_ACTIVE_COMPILATION_CONDITIONS = "DEBUG $(inherited)";
				SWIFT_OPTIMIZATION_LEVEL = "-Onone";
			};
			name = Debug;
		};
		BDC3EAA42E269A0900ECA7C8 /* Release */ = {
			isa = XCBuildConfiguration;
			buildSettings = {
				ALWAYS_SEARCH_USER_PATHS = NO;
				ASSETCATALOG_COMPILER_GENERATE_SWIFT_ASSET_SYMBOL_EXTENSIONS = YES;
				CLANG_ANALYZER_NONNULL = YES;
				CLANG_ANALYZER_NUMBER_OBJECT_CONVERSION = YES_AGGRESSIVE;
				CLANG_CXX_LANGUAGE_STANDARD = "gnu++20";
				CLANG_ENABLE_MODULES = YES;
				CLANG_ENABLE_OBJC_ARC = YES;
				CLANG_ENABLE_OBJC_WEAK = YES;
				CLANG_WARN_BLOCK_CAPTURE_AUTORELEASING = YES;
				CLANG_WARN_BOOL_CONVERSION = YES;
				CLANG_WARN_COMMA = YES;
				CLANG_WARN_CONSTANT_CONVERSION = YES;
				CLANG_WARN_DEPRECATED_OBJC_IMPLEMENTATIONS = YES;
				CLANG_WARN_DIRECT_OBJC_ISA_USAGE = YES_ERROR;
				CLANG_WARN_DOCUMENTATION_COMMENTS = YES;
				CLANG_WARN_EMPTY_BODY = YES;
				CLANG_WARN_ENUM_CONVERSION = YES;
				CLANG_WARN_INFINITE_RECURSION = YES;
				CLANG_WARN_INT_CONVERSION = YES;
				CLANG_WARN_NON_LITERAL_NULL_CONVERSION = YES;
				CLANG_WARN_OBJC_IMPLICIT_RETAIN_SELF = YES;
				CLANG_WARN_OBJC_LITERAL_CONVERSION = YES;
				CLANG_WARN_OBJC_ROOT_CLASS = YES_ERROR;
				CLANG_WARN_QUOTED_INCLUDE_IN_FRAMEWORK_HEADER = YES;
				CLANG_WARN_RANGE_LOOP_ANALYSIS = YES;
				CLANG_WARN_STRICT_PROTOTYPES = YES;
				CLANG_WARN_SUSPICIOUS_MOVE = YES;
				CLANG_WARN_UNGUARDED_AVAILABILITY = YES_AGGRESSIVE;
				CLANG_WARN_UNREACHABLE_CODE = YES;
				CLANG_WARN__DUPLICATE_METHOD_MATCH = YES;
				COPY_PHASE_STRIP = NO;
				DEBUG_INFORMATION_FORMAT = "dwarf-with-dsym";
				ENABLE_NS_ASSERTIONS = NO;
				ENABLE_STRICT_OBJC_MSGSEND = YES;
				ENABLE_USER_SCRIPT_SANDBOXING = YES;
				GCC_C_LANGUAGE_STANDARD = gnu17;
				GCC_NO_COMMON_BLOCKS = YES;
				GCC_WARN_64_TO_32_BIT_CONVERSION = YES;
				GCC_WARN_ABOUT_RETURN_TYPE = YES_ERROR;
				GCC_WARN_UNDECLARED_SELECTOR = YES;
				GCC_WARN_UNINITIALIZED_AUTOS = YES_AGGRESSIVE;
				GCC_WARN_UNUSED_FUNCTION = YES;
				GCC_WARN_UNUSED_VARIABLE = YES;
				IPHONEOS_DEPLOYMENT_TARGET = 18.5;
				LOCALIZATION_PREFERS_STRING_CATALOGS = YES;
				MTL_ENABLE_DEBUG_INFO = NO;
				MTL_FAST_MATH = YES;
				SDKROOT = iphoneos;
				SWIFT_COMPILATION_MODE = wholemodule;
				VALIDATE_PRODUCT = YES;
			};
			name = Release;
		};
		BDC3EAA62E269A0900ECA7C8 /* Debug */ = {
			isa = XCBuildConfiguration;
			buildSettings = {
				ASSETCATALOG_COMPILER_APPICON_NAME = AppIcon;
				ASSETCATALOG_COMPILER_GLOBAL_ACCENT_COLOR_NAME = AccentColor;
				CODE_SIGN_STYLE = Automatic;
				CURRENT_PROJECT_VERSION = 1;
				ENABLE_PREVIEWS = YES;
				GENERATE_INFOPLIST_FILE = YES;
				INFOPLIST_KEY_UIApplicationSceneManifest_Generation = YES;
				INFOPLIST_KEY_UIApplicationSupportsIndirectInputEvents = YES;
				INFOPLIST_KEY_UILaunchScreen_Generation = YES;
				INFOPLIST_KEY_UISupportedInterfaceOrientations_iPad = "UIInterfaceOrientationPortrait UIInterfaceOrientationPortraitUpsideDown UIInterfaceOrientationLandscapeLeft UIInterfaceOrientationLandscapeRight";
				INFOPLIST_KEY_UISupportedInterfaceOrientations_iPhone = "UIInterfaceOrientationPortrait UIInterfaceOrientationLandscapeLeft UIInterfaceOrientationLandscapeRight";
				LD_RUNPATH_SEARCH_PATHS = (
					"$(inherited)",
					"@executable_path/Frameworks",
				);
				MARKETING_VERSION = 1.0;
				PRODUCT_BUNDLE_IDENTIFIER = kwk.githubcollab;
				PRODUCT_NAME = "$(TARGET_NAME)";
				SWIFT_EMIT_LOC_STRINGS = YES;
				SWIFT_VERSION = 5.0;
				TARGETED_DEVICE_FAMILY = "1,2";
			};
			name = Debug;
		};
		BDC3EAA72E269A0900ECA7C8 /* Release */ = {
			isa = XCBuildConfiguration;
			buildSettings = {
				ASSETCATALOG_COMPILER_APPICON_NAME = AppIcon;
				ASSETCATALOG_COMPILER_GLOBAL_ACCENT_COLOR_NAME = AccentColor;
				CODE_SIGN_STYLE = Automatic;
				CURRENT_PROJECT_VERSION = 1;
				ENABLE_PREVIEWS = YES;
				GENERATE_INFOPLIST_FILE = YES;
				INFOPLIST_KEY_UIApplicationSceneManifest_Generation = YES;
				INFOPLIST_KEY_UIApplicationSupportsIndirectInputEvents = YES;
				INFOPLIST_KEY_UILaunchScreen_Generation = YES;
				INFOPLIST_KEY_UISupportedInterfaceOrientations_iPad = "UIInterfaceOrientationPortrait UIInterfaceOrientationPortraitUpsideDown UIInterfaceOrientationLandscapeLeft UIInterfaceOrientationLandscapeRight";
				INFOPLIST_KEY_UISupportedInterfaceOrientations_iPhone = "UIInterfaceOrientationPortrait UIInterfaceOrientationLandscapeLeft UIInterfaceOrientationLandscapeRight";
				LD_RUNPATH_SEARCH_PATHS = (
					"$(inherited)",
					"@executable_path/Frameworks",
				);
				MARKETING_VERSION = 1.0;
				PRODUCT_BUNDLE_IDENTIFIER = kwk.githubcollab;
				PRODUCT_NAME = "$(TARGET_NAME)";
				SWIFT_EMIT_LOC_STRINGS = YES;
				SWIFT_VERSION = 5.0;
				TARGETED_DEVICE_FAMILY = "1,2";
			};
			name = Release;
		};
		BDC3EAA92E269A0900ECA7C8 /* Debug */ = {
			isa = XCBuildConfiguration;
			buildSettings = {
				BUNDLE_LOADER = "$(TEST_HOST)";
				CODE_SIGN_STYLE = Automatic;
				CURRENT_PROJECT_VERSION = 1;
				GENERATE_INFOPLIST_FILE = YES;
				IPHONEOS_DEPLOYMENT_TARGET = 18.5;
				MARKETING_VERSION = 1.0;
				PRODUCT_BUNDLE_IDENTIFIER = kwk.githubcollabTests;
				PRODUCT_NAME = "$(TARGET_NAME)";
				SWIFT_EMIT_LOC_STRINGS = NO;
				SWIFT_VERSION = 5.0;
				TARGETED_DEVICE_FAMILY = "1,2";
				TEST_HOST = "$(BUILT_PRODUCTS_DIR)/githubcollab.app/$(BUNDLE_EXECUTABLE_FOLDER_PATH)/githubcollab";
			};
			name = Debug;
		};
		BDC3EAAA2E269A0900ECA7C8 /* Release */ = {
			isa = XCBuildConfiguration;
			buildSettings = {
				BUNDLE_LOADER = "$(TEST_HOST)";
				CODE_SIGN_STYLE = Automatic;
				CURRENT_PROJECT_VERSION = 1;
				GENERATE_INFOPLIST_FILE = YES;
				IPHONEOS_DEPLOYMENT_TARGET = 18.5;
				MARKETING_VERSION = 1.0;
				PRODUCT_BUNDLE_IDENTIFIER = kwk.githubcollabTests;
				PRODUCT_NAME = "$(TARGET_NAME)";
				SWIFT_EMIT_LOC_STRINGS = NO;
				SWIFT_VERSION = 5.0;
				TARGETED_DEVICE_FAMILY = "1,2";
				TEST_HOST = "$(BUILT_PRODUCTS_DIR)/githubcollab.app/$(BUNDLE_EXECUTABLE_FOLDER_PATH)/githubcollab";
			};
			name = Release;
		};
		BDC3EAAC2E269A0900ECA7C8 /* Debug */ = {
			isa = XCBuildConfiguration;
			buildSettings = {
				CODE_SIGN_STYLE = Automatic;
				CURRENT_PROJECT_VERSION = 1;
				GENERATE_INFOPLIST_FILE = YES;
				MARKETING_VERSION = 1.0;
				PRODUCT_BUNDLE_IDENTIFIER = kwk.githubcollabUITests;
				PRODUCT_NAME = "$(TARGET_NAME)";
				SWIFT_EMIT_LOC_STRINGS = NO;
				SWIFT_VERSION = 5.0;
				TARGETED_DEVICE_FAMILY = "1,2";
				TEST_TARGET_NAME = githubcollab;
			};
			name = Debug;
		};
		BDC3EAAD2E269A0900ECA7C8 /* Release */ = {
			isa = XCBuildConfiguration;
			buildSettings = {
				CODE_SIGN_STYLE = Automatic;
				CURRENT_PROJECT_VERSION = 1;
				GENERATE_INFOPLIST_FILE = YES;
				MARKETING_VERSION = 1.0;
				PRODUCT_BUNDLE_IDENTIFIER = kwk.githubcollabUITests;
				PRODUCT_NAME = "$(TARGET_NAME)";
				SWIFT_EMIT_LOC_STRINGS = NO;
				SWIFT_VERSION = 5.0;
				TARGETED_DEVICE_FAMILY = "1,2";
				TEST_TARGET_NAME = githubcollab;
			};
			name = Release;
		};
/* End XCBuildConfiguration section */

/* Begin XCConfigurationList section */
		BDC3EA7F2E269A0700ECA7C8 /* Build configuration list for PBXProject "githubcollab" */ = {
			isa = XCConfigurationList;
			buildConfigurations = (
				BDC3EAA32E269A0900ECA7C8 /* Debug */,
				BDC3EAA42E269A0900ECA7C8 /* Release */,
			);
			defaultConfigurationIsVisible = 0;
			defaultConfigurationName = Release;
		};
		BDC3EAA52E269A0900ECA7C8 /* Build configuration list for PBXNativeTarget "githubcollab" */ = {
			isa = XCConfigurationList;
			buildConfigurations = (
				BDC3EAA62E269A0900ECA7C8 /* Debug */,
				BDC3EAA72E269A0900ECA7C8 /* Release */,
			);
			defaultConfigurationIsVisible = 0;
			defaultConfigurationName = Release;
		};
		BDC3EAA82E269A0900ECA7C8 /* Build configuration list for PBXNativeTarget "githubcollabTests" */ = {
			isa = XCConfigurationList;
			buildConfigurations = (
				BDC3EAA92E269A0900ECA7C8 /* Debug */,
				BDC3EAAA2E269A0900ECA7C8 /* Release */,
			);
			defaultConfigurationIsVisible = 0;
			defaultConfigurationName = Release;
		};
		BDC3EAAB2E269A0900ECA7C8 /* Build configuration list for PBXNativeTarget "githubcollabUITests" */ = {
			isa = XCConfigurationList;
			buildConfigurations = (
				BDC3EAAC2E269A0900ECA7C8 /* Debug */,
				BDC3EAAD2E269A0900ECA7C8 /* Release */,
			);
			defaultConfigurationIsVisible = 0;
			defaultConfigurationName = Release;
		};
/* End XCConfigurationList section */
	};
	rootObject = BDC3EA7C2E269A0700ECA7C8 /* Project object */;
}
